
Microsoft Visual Studio Solution File, Format Version 12.00
# Visual Studio Version 17
VisualStudioVersion = 17.7.34202.233
MinimumVisualStudioVersion = 10.0.40219.1
Project("{9A19103F-16F7-4668-BE54-9A1E7A4F7556}") = "ProdigyWeb", "ProdigyWeb\ProdigyWeb.csproj", "{A069E1C8-E154-47EE-8B67-997F0D3CF406}"
EndProject
Project("{FAE04EC0-301F-11D3-BF4B-00C04F79EFBC}") = "ProdigyServerBL", "ProdigyServerBL\ProdigyServerBL.csproj", "{E4F18B49-B819-4BB5-A25D-94F01E467BF1}"
EndProject
Global
	GlobalSection(SolutionConfigurationPlatforms) = preSolution
		Debug|Any CPU = Debug|Any CPU
		Release|Any CPU = Release|Any CPU
	EndGlobalSection
	GlobalSection(ProjectConfigurationPlatforms) = postSolution
		{A069E1C8-E154-47EE-8B67-997F0D3CF406}.Debug|Any CPU.ActiveCfg = Debug|Any CPU
		{A069E1C8-E154-47EE-8B67-997F0D3CF406}.Debug|Any CPU.Build.0 = Debug|Any CPU
		{A069E1C8-E154-47EE-8B67-997F0D3CF406}.Release|Any CPU.ActiveCfg = Release|Any CPU
		{A069E1C8-E154-47EE-8B67-997F0D3CF406}.Release|Any CPU.Build.0 = Release|Any CPU
		{E4F18B49-B819-4BB5-A25D-94F01E467BF1}.Debug|Any CPU.ActiveCfg = Debug|Any CPU
		{E4F18B49-B819-4BB5-A25D-94F01E467BF1}.Debug|Any CPU.Build.0 = Debug|Any CPU
		{E4F18B49-B819-4BB5-A25D-94F01E467BF1}.Release|Any CPU.ActiveCfg = Release|Any CPU
		{E4F18B49-B819-4BB5-A25D-94F01E467BF1}.Release|Any CPU.Build.0 = Release|Any CPU
	EndGlobalSection
	GlobalSection(SolutionProperties) = preSolution
		HideSolutionNode = FALSE
	EndGlobalSection
	GlobalSection(ExtensibilityGlobals) = postSolution
		SolutionGuid = {5C5B7120-7197-4ABD-B04B-B462F039593B}
	EndGlobalSection
EndGlobal
